
Microsoft Visual Studio Solution File, Format Version 12.00
# Visual Studio Version 16
VisualStudioVersion = 16.0.30907.101
MinimumVisualStudioVersion = 10.0.40219.1
Project("{FAE04EC0-301F-11D3-BF4B-00C04F79EFBC}") = "MainService", "MainService\MainService.csproj", "{D92ECA80-C2FB-41E7-ADD6-CA7D7AAE2F5D}"
EndProject
Project("{FAE04EC0-301F-11D3-BF4B-00C04F79EFBC}") = "MainService.Tests", "MainService.Tests\MainService.Tests.csproj", "{658C1DEE-C898-4D62-8FFB-7E5CD8D9210E}"
EndProject
Global
	GlobalSection(SolutionConfigurationPlatforms) = preSolution
		Debug|Any CPU = Debug|Any CPU
		Release|Any CPU = Release|Any CPU
	EndGlobalSection
	GlobalSection(ProjectConfigurationPlatforms) = postSolution
		{D92ECA80-C2FB-41E7-ADD6-CA7D7AAE2F5D}.Debug|Any CPU.ActiveCfg = Debug|Any CPU
		{D92ECA80-C2FB-41E7-ADD6-CA7D7AAE2F5D}.Debug|Any CPU.Build.0 = Debug|Any CPU
		{D92ECA80-C2FB-41E7-ADD6-CA7D7AAE2F5D}.Release|Any CPU.ActiveCfg = Release|Any CPU
		{D92ECA80-C2FB-41E7-ADD6-CA7D7AAE2F5D}.Release|Any CPU.Build.0 = Release|Any CPU
		{658C1DEE-C898-4D62-8FFB-7E5CD8D9210E}.Debug|Any CPU.ActiveCfg = Debug|Any CPU
		{658C1DEE-C898-4D62-8FFB-7E5CD8D9210E}.Debug|Any CPU.Build.0 = Debug|Any CPU
		{658C1DEE-C898-4D62-8FFB-7E5CD8D9210E}.Release|Any CPU.ActiveCfg = Release|Any CPU
		{658C1DEE-C898-4D62-8FFB-7E5CD8D9210E}.Release|Any CPU.Build.0 = Release|Any CPU
	EndGlobalSection
	GlobalSection(SolutionProperties) = preSolution
		HideSolutionNode = FALSE
	EndGlobalSection
	GlobalSection(ExtensibilityGlobals) = postSolution
		SolutionGuid = {7D98D39D-2B46-432F-94F5-29A3004396FF}
	EndGlobalSection
EndGlobal
